
Microsoft Visual Studio Solution File, Format Version 12.00
# Visual Studio 14
VisualStudioVersion = 14.0.23107.0
MinimumVisualStudioVersion = 10.0.40219.1
Project("{FAE04EC0-301F-11D3-BF4B-00C04F79EFBC}") = "Week4Lab1Server", "Week4Lab1\Week4Lab1Server.csproj", "{1FB3F9EE-24A6-479C-B818-1999E03D0421}"
EndProject
Project("{FAE04EC0-301F-11D3-BF4B-00C04F79EFBC}") = "Week4Lab1Client", "Week4Lab1Client\Week4Lab1Client.csproj", "{9977DE0B-3987-46B6-A1EE-C7461A41F5ED}"
EndProject
Project("{FAE04EC0-301F-11D3-BF4B-00C04F79EFBC}") = "Week4lab1GameClassLib", "Week4lab1GameClassLib\Week4lab1GameClassLib.csproj", "{5621BFAF-2246-4BBB-8B82-28BE57C76F3D}"
EndProject
Global
	GlobalSection(SolutionConfigurationPlatforms) = preSolution
		Debug|Any CPU = Debug|Any CPU
		Debug|x86 = Debug|x86
		Release|Any CPU = Release|Any CPU
		Release|x86 = Release|x86
	EndGlobalSection
	GlobalSection(ProjectConfigurationPlatforms) = postSolution
		{1FB3F9EE-24A6-479C-B818-1999E03D0421}.Debug|Any CPU.ActiveCfg = Debug|Any CPU
		{1FB3F9EE-24A6-479C-B818-1999E03D0421}.Debug|Any CPU.Build.0 = Debug|Any CPU
		{1FB3F9EE-24A6-479C-B818-1999E03D0421}.Debug|x86.ActiveCfg = Debug|Any CPU
		{1FB3F9EE-24A6-479C-B818-1999E03D0421}.Debug|x86.Build.0 = Debug|Any CPU
		{1FB3F9EE-24A6-479C-B818-1999E03D0421}.Release|Any CPU.ActiveCfg = Release|Any CPU
		{1FB3F9EE-24A6-479C-B818-1999E03D0421}.Release|Any CPU.Build.0 = Release|Any CPU
		{1FB3F9EE-24A6-479C-B818-1999E03D0421}.Release|x86.ActiveCfg = Release|Any CPU
		{1FB3F9EE-24A6-479C-B818-1999E03D0421}.Release|x86.Build.0 = Release|Any CPU
		{9977DE0B-3987-46B6-A1EE-C7461A41F5ED}.Debug|Any CPU.ActiveCfg = Debug|x86
		{9977DE0B-3987-46B6-A1EE-C7461A41F5ED}.Debug|Any CPU.Build.0 = Debug|x86
		{9977DE0B-3987-46B6-A1EE-C7461A41F5ED}.Debug|x86.ActiveCfg = Debug|x86
		{9977DE0B-3987-46B6-A1EE-C7461A41F5ED}.Debug|x86.Build.0 = Debug|x86
		{9977DE0B-3987-46B6-A1EE-C7461A41F5ED}.Release|Any CPU.ActiveCfg = Release|x86
		{9977DE0B-3987-46B6-A1EE-C7461A41F5ED}.Release|x86.ActiveCfg = Release|x86
		{9977DE0B-3987-46B6-A1EE-C7461A41F5ED}.Release|x86.Build.0 = Release|x86
		{5621BFAF-2246-4BBB-8B82-28BE57C76F3D}.Debug|Any CPU.ActiveCfg = Debug|Any CPU
		{5621BFAF-2246-4BBB-8B82-28BE57C76F3D}.Debug|Any CPU.Build.0 = Debug|Any CPU
		{5621BFAF-2246-4BBB-8B82-28BE57C76F3D}.Debug|x86.ActiveCfg = Debug|Any CPU
		{5621BFAF-2246-4BBB-8B82-28BE57C76F3D}.Debug|x86.Build.0 = Debug|Any CPU
		{5621BFAF-2246-4BBB-8B82-28BE57C76F3D}.Release|Any CPU.ActiveCfg = Release|Any CPU
		{5621BFAF-2246-4BBB-8B82-28BE57C76F3D}.Release|Any CPU.Build.0 = Release|Any CPU
		{5621BFAF-2246-4BBB-8B82-28BE57C76F3D}.Release|x86.ActiveCfg = Release|Any CPU
		{5621BFAF-2246-4BBB-8B82-28BE57C76F3D}.Release|x86.Build.0 = Release|Any CPU
	EndGlobalSection
	GlobalSection(SolutionProperties) = preSolution
		HideSolutionNode = FALSE
	EndGlobalSection
EndGlobal
